
Microsoft Visual Studio Solution File, Format Version 12.00
# Visual Studio Version 16
VisualStudioVersion = 16.0.31005.135
MinimumVisualStudioVersion = 10.0.40219.1
Project("{8BC9CEB8-8B4A-11D0-8D11-00A0C91BC942}") = "Server", "Server\Server.vcxproj", "{DDAD2B17-A88D-418F-B45E-A93CD6A751E6}"
EndProject
Project("{8BC9CEB8-8B4A-11D0-8D11-00A0C91BC942}") = "Client", "Client\Client.vcxproj", "{7A18CAB0-964F-4B85-84B8-19768FA3E692}"
EndProject
Global
	GlobalSection(SolutionConfigurationPlatforms) = preSolution
		Debug|x64 = Debug|x64
		Debug|x86 = Debug|x86
		Release|x64 = Release|x64
		Release|x86 = Release|x86
	EndGlobalSection
	GlobalSection(ProjectConfigurationPlatforms) = postSolution
		{DDAD2B17-A88D-418F-B45E-A93CD6A751E6}.Debug|x64.ActiveCfg = Debug|x64
		{DDAD2B17-A88D-418F-B45E-A93CD6A751E6}.Debug|x64.Build.0 = Debug|x64
		{DDAD2B17-A88D-418F-B45E-A93CD6A751E6}.Debug|x86.ActiveCfg = Debug|Win32
		{DDAD2B17-A88D-418F-B45E-A93CD6A751E6}.Debug|x86.Build.0 = Debug|Win32
		{DDAD2B17-A88D-418F-B45E-A93CD6A751E6}.Release|x64.ActiveCfg = Release|x64
		{DDAD2B17-A88D-418F-B45E-A93CD6A751E6}.Release|x64.Build.0 = Release|x64
		{DDAD2B17-A88D-418F-B45E-A93CD6A751E6}.Release|x86.ActiveCfg = Release|Win32
		{DDAD2B17-A88D-418F-B45E-A93CD6A751E6}.Release|x86.Build.0 = Release|Win32
		{7A18CAB0-964F-4B85-84B8-19768FA3E692}.Debug|x64.ActiveCfg = Debug|x64
		{7A18CAB0-964F-4B85-84B8-19768FA3E692}.Debug|x64.Build.0 = Debug|x64
		{7A18CAB0-964F-4B85-84B8-19768FA3E692}.Debug|x86.ActiveCfg = Debug|Win32
		{7A18CAB0-964F-4B85-84B8-19768FA3E692}.Debug|x86.Build.0 = Debug|Win32
		{7A18CAB0-964F-4B85-84B8-19768FA3E692}.Release|x64.ActiveCfg = Release|x64
		{7A18CAB0-964F-4B85-84B8-19768FA3E692}.Release|x64.Build.0 = Release|x64
		{7A18CAB0-964F-4B85-84B8-19768FA3E692}.Release|x86.ActiveCfg = Release|Win32
		{7A18CAB0-964F-4B85-84B8-19768FA3E692}.Release|x86.Build.0 = Release|Win32
	EndGlobalSection
	GlobalSection(SolutionProperties) = preSolution
		HideSolutionNode = FALSE
	EndGlobalSection
	GlobalSection(ExtensibilityGlobals) = postSolution
		SolutionGuid = {C8B35B62-871D-40F0-B118-C12B329EC5E1}
	EndGlobalSection
EndGlobal
